
Microsoft Visual Studio Solution File, Format Version 12.00
# Visual Studio Version 17
VisualStudioVersion = 17.5.002.0
MinimumVisualStudioVersion = 10.0.40219.1
Project("{9A19103F-16F7-4668-BE54-9A1E7A4F7556}") = "Trial", "Trial.csproj", "{DAA68682-B125-4178-93D0-5FD210AC32F8}"
EndProject
Global
	GlobalSection(SolutionConfigurationPlatforms) = preSolution
		Debug|Any CPU = Debug|Any CPU
		Release|Any CPU = Release|Any CPU
	EndGlobalSection
	GlobalSection(ProjectConfigurationPlatforms) = postSolution
		{DAA68682-B125-4178-93D0-5FD210AC32F8}.Debug|Any CPU.ActiveCfg = Debug|Any CPU
		{DAA68682-B125-4178-93D0-5FD210AC32F8}.Debug|Any CPU.Build.0 = Debug|Any CPU
		{DAA68682-B125-4178-93D0-5FD210AC32F8}.Release|Any CPU.ActiveCfg = Release|Any CPU
		{DAA68682-B125-4178-93D0-5FD210AC32F8}.Release|Any CPU.Build.0 = Release|Any CPU
	EndGlobalSection
	GlobalSection(SolutionProperties) = preSolution
		HideSolutionNode = FALSE
	EndGlobalSection
	GlobalSection(ExtensibilityGlobals) = postSolution
		SolutionGuid = {43424E1F-E01F-4E4C-876B-1ED3D0261462}
	EndGlobalSection
EndGlobal
